
Microsoft Visual Studio Solution File, Format Version 12.00
# Visual Studio Version 17
VisualStudioVersion = 17.14.36518.9 d17.14
MinimumVisualStudioVersion = 10.0.40219.1
Project("{FAE04EC0-301F-11D3-BF4B-00C04F79EFBC}") = "BRRAPI", "BRRAPI\BRRAPI.csproj", "{52D1912A-023C-40B0-BA33-4D56E4E9CCAE}"
EndProject
Global
	GlobalSection(SolutionConfigurationPlatforms) = preSolution
		Debug|Any CPU = Debug|Any CPU
		Release|Any CPU = Release|Any CPU
	EndGlobalSection
	GlobalSection(ProjectConfigurationPlatforms) = postSolution
		{52D1912A-023C-40B0-BA33-4D56E4E9CCAE}.Debug|Any CPU.ActiveCfg = Debug|Any CPU
		{52D1912A-023C-40B0-BA33-4D56E4E9CCAE}.Debug|Any CPU.Build.0 = Debug|Any CPU
		{52D1912A-023C-40B0-BA33-4D56E4E9CCAE}.Release|Any CPU.ActiveCfg = Release|Any CPU
		{52D1912A-023C-40B0-BA33-4D56E4E9CCAE}.Release|Any CPU.Build.0 = Release|Any CPU
	EndGlobalSection
	GlobalSection(SolutionProperties) = preSolution
		HideSolutionNode = FALSE
	EndGlobalSection
	GlobalSection(ExtensibilityGlobals) = postSolution
		SolutionGuid = {B554F702-E660-44C6-9AFA-795C8BBFCF7D}
	EndGlobalSection
EndGlobal
